
Microsoft Visual Studio Solution File, Format Version 12.00
# Visual Studio 15
VisualStudioVersion = 15.0.28307.271
MinimumVisualStudioVersion = 10.0.40219.1
Project("{FAE04EC0-301F-11D3-BF4B-00C04F79EFBC}") = "TennisScoreTest", "TennisScore\TennisScoreTest.csproj", "{75ADFE85-B4C6-4370-A089-26E5AB304E41}"
EndProject
Global
	GlobalSection(SolutionConfigurationPlatforms) = preSolution
		Debug|Any CPU = Debug|Any CPU
		Release|Any CPU = Release|Any CPU
	EndGlobalSection
	GlobalSection(ProjectConfigurationPlatforms) = postSolution
		{75ADFE85-B4C6-4370-A089-26E5AB304E41}.Debug|Any CPU.ActiveCfg = Debug|Any CPU
		{75ADFE85-B4C6-4370-A089-26E5AB304E41}.Debug|Any CPU.Build.0 = Debug|Any CPU
		{75ADFE85-B4C6-4370-A089-26E5AB304E41}.Release|Any CPU.ActiveCfg = Release|Any CPU
		{75ADFE85-B4C6-4370-A089-26E5AB304E41}.Release|Any CPU.Build.0 = Release|Any CPU
	EndGlobalSection
	GlobalSection(SolutionProperties) = preSolution
		HideSolutionNode = FALSE
	EndGlobalSection
	GlobalSection(ExtensibilityGlobals) = postSolution
		SolutionGuid = {731D7292-5539-4F7E-BCEC-D725BF531D5C}
	EndGlobalSection
EndGlobal
